
Microsoft Visual Studio Solution File, Format Version 12.00
# Visual Studio Version 17
VisualStudioVersion = 17.8.34309.116
MinimumVisualStudioVersion = 10.0.40219.1
Project("{2150E333-8FDC-42A3-9474-1A3956D46DE8}") = "Bff", "Bff", "{1754176C-AFAD-4726-94E4-60C203151F1F}"
EndProject
Project("{2150E333-8FDC-42A3-9474-1A3956D46DE8}") = "Services", "Services", "{0603C7B0-D127-4083-AD67-DD4DE6E431C9}"
EndProject
Project("{2150E333-8FDC-42A3-9474-1A3956D46DE8}") = "Web", "Web", "{8FBDA1F6-D22F-469B-A579-208A2A3ADFCB}"
EndProject
Project("{FAE04EC0-301F-11D3-BF4B-00C04F79EFBC}") = "SmartSchool.Web", "SmartSchool.Web\SmartSchool.Web.csproj", "{8151C414-F009-465A-882E-DC3D3A81A9B5}"
EndProject
Global
	GlobalSection(SolutionConfigurationPlatforms) = preSolution
		Debug|Any CPU = Debug|Any CPU
		Release|Any CPU = Release|Any CPU
	EndGlobalSection
	GlobalSection(ProjectConfigurationPlatforms) = postSolution
		{8151C414-F009-465A-882E-DC3D3A81A9B5}.Debug|Any CPU.ActiveCfg = Debug|Any CPU
		{8151C414-F009-465A-882E-DC3D3A81A9B5}.Debug|Any CPU.Build.0 = Debug|Any CPU
		{8151C414-F009-465A-882E-DC3D3A81A9B5}.Release|Any CPU.ActiveCfg = Release|Any CPU
		{8151C414-F009-465A-882E-DC3D3A81A9B5}.Release|Any CPU.Build.0 = Release|Any CPU
	EndGlobalSection
	GlobalSection(SolutionProperties) = preSolution
		HideSolutionNode = FALSE
	EndGlobalSection
	GlobalSection(NestedProjects) = preSolution
		{8151C414-F009-465A-882E-DC3D3A81A9B5} = {8FBDA1F6-D22F-469B-A579-208A2A3ADFCB}
	EndGlobalSection
	GlobalSection(ExtensibilityGlobals) = postSolution
		SolutionGuid = {98331A4B-2FB1-4193-8CA0-62D6789F6802}
	EndGlobalSection
EndGlobal
